PODS:
  - FrostComponents (0.1.1):
    - FrostComponents/FRAlert (= 0.1.1)
    - FrostComponents/FRButton (= 0.1.1)
  - FrostComponents/FRAlert (0.1.1)
  - FrostComponents/FRButton (0.1.1)

DEPENDENCIES:
  - FrostComponents (from `../`)

EXTERNAL SOURCES:
  FrostComponents:
    :path: "../"

SPEC CHECKSUMS:
  FrostComponents: dc3bdb9954819cce345554b7b2da97b048e23100

PODFILE CHECKSUM: aa1d0f06f2bed017eff401024ad6d888f09b0cf9

COCOAPODS: 1.2.1
